
Microsoft Visual Studio Solution File, Format Version 12.00
Project("{FAE04EC0-301F-11D3-BF4B-00C04F79EFBC}") = "ChristmasAPI", "ChristmasAPI\ChristmasAPI.csproj", "{EEDA8BB7-74BB-4529-949B-222B620D8BC8}"
EndProject
Global
	GlobalSection(SolutionConfigurationPlatforms) = preSolution
		Debug|Any CPU = Debug|Any CPU
		Release|Any CPU = Release|Any CPU
	EndGlobalSection
	GlobalSection(ProjectConfigurationPlatforms) = postSolution
		{EEDA8BB7-74BB-4529-949B-222B620D8BC8}.Debug|Any CPU.ActiveCfg = Debug|Any CPU
		{EEDA8BB7-74BB-4529-949B-222B620D8BC8}.Debug|Any CPU.Build.0 = Debug|Any CPU
		{EEDA8BB7-74BB-4529-949B-222B620D8BC8}.Release|Any CPU.ActiveCfg = Release|Any CPU
		{EEDA8BB7-74BB-4529-949B-222B620D8BC8}.Release|Any CPU.Build.0 = Release|Any CPU
	EndGlobalSection
EndGlobal
